// !$*UTF8*$!
{
	archiveVersion = 1;
	classes = {
	};
	objectVersion = 56;
	objects = {

/* Begin PBXBuildFile section */
		A10000000000000000000001 /* AppDelegate.swift in Sources */ = {isa = PBXBuildFile; fileRef = A20000000000000000000001 /* AppDelegate.swift */; };
		A10000000000000000000002 /* MainWindowController.swift in Sources */ = {isa = PBXBuildFile; fileRef = A20000000000000000000002 /* MainWindowController.swift */; };
		A10000000000000000000003 /* ReaderViewController.swift in Sources */ = {isa = PBXBuildFile; fileRef = A20000000000000000000003 /* ReaderViewController.swift */; };
		A10000000000000000000004 /* FileService.swift in Sources */ = {isa = PBXBuildFile; fileRef = A20000000000000000000004 /* FileService.swift */; };
		A10000000000000000000005 /* FileWatcher.swift in Sources */ = {isa = PBXBuildFile; fileRef = A20000000000000000000005 /* FileWatcher.swift */; };
		A10000000000000000000006 /* AssetSchemeHandler.swift in Sources */ = {isa = PBXBuildFile; fileRef = A20000000000000000000006 /* AssetSchemeHandler.swift */; };
		A10000000000000000000007 /* Preferences.swift in Sources */ = {isa = PBXBuildFile; fileRef = A20000000000000000000007 /* Preferences.swift */; };
		A10000000000000000000009 /* DefaultAppService.swift in Sources */ = {isa = PBXBuildFile; fileRef = A2000000000000000000000B /* DefaultAppService.swift */; };
		A1000000000000000000000A /* main.swift in Sources */ = {isa = PBXBuildFile; fileRef = A2000000000000000000000C /* main.swift */; };
		A1000000000000000000000B /* AppSchemeHandler.swift in Sources */ = {isa = PBXBuildFile; fileRef = A2000000000000000000000D /* AppSchemeHandler.swift */; };
		A1000000000000000000000D /* SelfTest.swift in Sources */ = {isa = PBXBuildFile; fileRef = A2000000000000000000000F /* SelfTest.swift */; };
		A1000000000000000000000E /* PathSandbox.swift in Sources */ = {isa = PBXBuildFile; fileRef = A20000000000000000000010 /* PathSandbox.swift */; };
		A10000000000000000000008 /* Resources in Resources */ = {isa = PBXBuildFile; fileRef = A20000000000000000000008 /* Resources */; };
		A1000000000000000000000C /* AppIcon.icns in Resources */ = {isa = PBXBuildFile; fileRef = A2000000000000000000000E /* AppIcon.icns */; };
/* End PBXBuildFile section */

/* Begin PBXFileReference section */
		A20000000000000000000001 /* AppDelegate.swift */ = {isa = PBXFileReference; lastKnownFileType = sourcecode.swift; path = AppDelegate.swift; sourceTree = "<group>"; };
		A20000000000000000000002 /* MainWindowController.swift */ = {isa = PBXFileReference; lastKnownFileType = sourcecode.swift; path = MainWindowController.swift; sourceTree = "<group>"; };
		A20000000000000000000003 /* ReaderViewController.swift */ = {isa = PBXFileReference; lastKnownFileType = sourcecode.swift; path = ReaderViewController.swift; sourceTree = "<group>"; };
		A20000000000000000000004 /* FileService.swift */ = {isa = PBXFileReference; lastKnownFileType = sourcecode.swift; path = FileService.swift; sourceTree = "<group>"; };
		A20000000000000000000005 /* FileWatcher.swift */ = {isa = PBXFileReference; lastKnownFileType = sourcecode.swift; path = FileWatcher.swift; sourceTree = "<group>"; };
		A20000000000000000000006 /* AssetSchemeHandler.swift */ = {isa = PBXFileReference; lastKnownFileType = sourcecode.swift; path = AssetSchemeHandler.swift; sourceTree = "<group>"; };
		A20000000000000000000007 /* Preferences.swift */ = {isa = PBXFileReference; lastKnownFileType = sourcecode.swift; path = Preferences.swift; sourceTree = "<group>"; };
		A2000000000000000000000B /* DefaultAppService.swift */ = {isa = PBXFileReference; lastKnownFileType = sourcecode.swift; path = DefaultAppService.swift; sourceTree = "<group>"; };
		A2000000000000000000000C /* main.swift */ = {isa = PBXFileReference; lastKnownFileType = sourcecode.swift; path = main.swift; sourceTree = "<group>"; };
		A2000000000000000000000D /* AppSchemeHandler.swift */ = {isa = PBXFileReference; lastKnownFileType = sourcecode.swift; path = AppSchemeHandler.swift; sourceTree = "<group>"; };
		A2000000000000000000000F /* SelfTest.swift */ = {isa = PBXFileReference; lastKnownFileType = sourcecode.swift; path = SelfTest.swift; sourceTree = "<group>"; };
		A20000000000000000000010 /* PathSandbox.swift */ = {isa = PBXFileReference; lastKnownFileType = sourcecode.swift; path = PathSandbox.swift; sourceTree = "<group>"; };
		A20000000000000000000008 /* Resources */ = {isa = PBXFileReference; lastKnownFileType = folder; path = Resources; sourceTree = "<group>"; };
		A2000000000000000000000E /* AppIcon.icns */ = {isa = PBXFileReference; lastKnownFileType = image.icns; path = AppIcon.icns; sourceTree = "<group>"; };
		A20000000000000000000009 /* Info.plist */ = {isa = PBXFileReference; lastKnownFileType = text.plist.xml; path = Info.plist; sourceTree = "<group>"; };
		A2000000000000000000000A /* mdeye.app */ = {isa = PBXFileReference; explicitFileType = wrapper.application; includeInIndex = 0; path = mdeye.app; sourceTree = BUILT_PRODUCTS_DIR; };
/* End PBXFileReference section */

/* Begin PBXFrameworksBuildPhase section */
		A30000000000000000000001 /* Frameworks */ = {
			isa = PBXFrameworksBuildPhase;
			buildActionMask = 2147483647;
			files = (
			);
			runOnlyForDeploymentPostprocessing = 0;
		};
/* End PBXFrameworksBuildPhase section */

/* Begin PBXGroup section */
		A40000000000000000000001 = {
			isa = PBXGroup;
			children = (
				A40000000000000000000002 /* Sources */,
				A20000000000000000000008 /* Resources */,
				A2000000000000000000000E /* AppIcon.icns */,
				A20000000000000000000009 /* Info.plist */,
				A40000000000000000000003 /* Products */,
			);
			sourceTree = "<group>";
		};
		A40000000000000000000002 /* Sources */ = {
			isa = PBXGroup;
			children = (
				A20000000000000000000001 /* AppDelegate.swift */,
				A20000000000000000000002 /* MainWindowController.swift */,
				A20000000000000000000003 /* ReaderViewController.swift */,
				A20000000000000000000004 /* FileService.swift */,
				A20000000000000000000005 /* FileWatcher.swift */,
				A20000000000000000000006 /* AssetSchemeHandler.swift */,
				A20000000000000000000007 /* Preferences.swift */,
				A2000000000000000000000B /* DefaultAppService.swift */,
				A2000000000000000000000C /* main.swift */,
				A2000000000000000000000D /* AppSchemeHandler.swift */,
				A2000000000000000000000F /* SelfTest.swift */,
				A20000000000000000000010 /* PathSandbox.swift */,
			);
			path = Sources;
			sourceTree = "<group>";
		};
		A40000000000000000000003 /* Products */ = {
			isa = PBXGroup;
			children = (
				A2000000000000000000000A /* mdeye.app */,
			);
			name = Products;
			sourceTree = "<group>";
		};
/* End PBXGroup section */

/* Begin PBXNativeTarget section */
		A50000000000000000000001 /* mdeye */ = {
			isa = PBXNativeTarget;
			buildConfigurationList = A70000000000000000000003 /* Build configuration list for PBXNativeTarget "mdeye" */;
			buildPhases = (
				A60000000000000000000001 /* Sources */,
				A30000000000000000000001 /* Frameworks */,
				A60000000000000000000002 /* Resources */,
			);
			buildRules = (
			);
			dependencies = (
			);
			name = mdeye;
			productName = mdeye;
			productReference = A2000000000000000000000A /* mdeye.app */;
			productType = "com.apple.product-type.application";
		};
/* End PBXNativeTarget section */

/* Begin PBXProject section */
		A80000000000000000000001 /* Project object */ = {
			isa = PBXProject;
			attributes = {
				BuildIndependentTargetsInParallel = 1;
				LastSwiftUpdateCheck = 1500;
				LastUpgradeCheck = 1500;
			};
			buildConfigurationList = A70000000000000000000001 /* Build configuration list for PBXProject "mdeye" */;
			compatibilityVersion = "Xcode 14.0";
			developmentRegion = en;
			hasScannedForEncodings = 0;
			knownRegions = (
				en,
				Base,
			);
			mainGroup = A40000000000000000000001;
			productRefGroup = A40000000000000000000003 /* Products */;
			projectDirPath = "";
			projectRoot = "";
			targets = (
				A50000000000000000000001 /* mdeye */,
			);
		};
/* End PBXProject section */

/* Begin PBXResourcesBuildPhase section */
		A60000000000000000000002 /* Resources */ = {
			isa = PBXResourcesBuildPhase;
			buildActionMask = 2147483647;
			files = (
				A10000000000000000000008 /* Resources in Resources */,
				A1000000000000000000000C /* AppIcon.icns in Resources */,
			);
			runOnlyForDeploymentPostprocessing = 0;
		};
/* End PBXResourcesBuildPhase section */

/* Begin PBXSourcesBuildPhase section */
		A60000000000000000000001 /* Sources */ = {
			isa = PBXSourcesBuildPhase;
			buildActionMask = 2147483647;
			files = (
				A10000000000000000000001 /* AppDelegate.swift in Sources */,
				A10000000000000000000002 /* MainWindowController.swift in Sources */,
				A10000000000000000000003 /* ReaderViewController.swift in Sources */,
				A10000000000000000000004 /* FileService.swift in Sources */,
				A10000000000000000000005 /* FileWatcher.swift in Sources */,
				A10000000000000000000006 /* AssetSchemeHandler.swift in Sources */,
				A10000000000000000000007 /* Preferences.swift in Sources */,
				A10000000000000000000009 /* DefaultAppService.swift in Sources */,
				A1000000000000000000000A /* main.swift in Sources */,
				A1000000000000000000000B /* AppSchemeHandler.swift in Sources */,
				A1000000000000000000000D /* SelfTest.swift in Sources */,
				A1000000000000000000000E /* PathSandbox.swift in Sources */,
			);
			runOnlyForDeploymentPostprocessing = 0;
		};
/* End PBXSourcesBuildPhase section */

/* Begin XCBuildConfiguration section */
		A90000000000000000000001 /* Debug */ = {
			isa = XCBuildConfiguration;
			buildSettings = {
				ALWAYS_SEARCH_USER_PATHS = NO;
				ARCHS = (
					arm64,
					x86_64,
				);
				CLANG_ENABLE_MODULES = YES;
				CLANG_ENABLE_OBJC_ARC = YES;
				COPY_PHASE_STRIP = NO;
				DEBUG_INFORMATION_FORMAT = dwarf;
				GCC_DYNAMIC_NO_PIC = NO;
				GCC_OPTIMIZATION_LEVEL = 0;
				MACOSX_DEPLOYMENT_TARGET = 12.0;
				ONLY_ACTIVE_ARCH = YES;
				SDKROOT = macosx;
				SWIFT_ACTIVE_COMPILATION_CONDITIONS = DEBUG;
				SWIFT_OPTIMIZATION_LEVEL = "-Onone";
				SWIFT_VERSION = 5.0;
			};
			name = Debug;
		};
		A90000000000000000000002 /* Release */ = {
			isa = XCBuildConfiguration;
			buildSettings = {
				ALWAYS_SEARCH_USER_PATHS = NO;
				ARCHS = (
					arm64,
					x86_64,
				);
				CLANG_ENABLE_MODULES = YES;
				CLANG_ENABLE_OBJC_ARC = YES;
				COPY_PHASE_STRIP = YES;
				DEBUG_INFORMATION_FORMAT = "dwarf-with-dsym";
				MACOSX_DEPLOYMENT_TARGET = 12.0;
				ONLY_ACTIVE_ARCH = NO;
				SDKROOT = macosx;
				SWIFT_COMPILATION_MODE = wholemodule;
				SWIFT_OPTIMIZATION_LEVEL = "-O";
				SWIFT_VERSION = 5.0;
			};
			name = Release;
		};
		A90000000000000000000003 /* Debug */ = {
			isa = XCBuildConfiguration;
			buildSettings = {
				ARCHS = (
					arm64,
					x86_64,
				);
				CODE_SIGN_IDENTITY = "-";
				CODE_SIGNING_ALLOWED = NO;
				CODE_SIGNING_REQUIRED = NO;
				COMBINE_HIDPI_IMAGES = YES;
				CURRENT_PROJECT_VERSION = 10;
				GENERATE_INFOPLIST_FILE = NO;
				INFOPLIST_FILE = Info.plist;
				LD_RUNPATH_SEARCH_PATHS = (
					"$(inherited)",
					"@executable_path/../Frameworks",
				);
				MACOSX_DEPLOYMENT_TARGET = 12.0;
				MARKETING_VERSION = 0.2.8;
				ONLY_ACTIVE_ARCH = YES;
				PRODUCT_BUNDLE_IDENTIFIER = app.mdeye.mdeye;
				PRODUCT_NAME = mdeye;
				SWIFT_VERSION = 5.0;
			};
			name = Debug;
		};
		A90000000000000000000004 /* Release */ = {
			isa = XCBuildConfiguration;
			buildSettings = {
				ARCHS = (
					arm64,
					x86_64,
				);
				CODE_SIGN_IDENTITY = "-";
				CODE_SIGNING_ALLOWED = NO;
				CODE_SIGNING_REQUIRED = NO;
				COMBINE_HIDPI_IMAGES = YES;
				CURRENT_PROJECT_VERSION = 10;
				GENERATE_INFOPLIST_FILE = NO;
				INFOPLIST_FILE = Info.plist;
				LD_RUNPATH_SEARCH_PATHS = (
					"$(inherited)",
					"@executable_path/../Frameworks",
				);
				MACOSX_DEPLOYMENT_TARGET = 12.0;
				MARKETING_VERSION = 0.2.8;
				ONLY_ACTIVE_ARCH = NO;
				PRODUCT_BUNDLE_IDENTIFIER = app.mdeye.mdeye;
				PRODUCT_NAME = mdeye;
				SWIFT_VERSION = 5.0;
			};
			name = Release;
		};
/* End XCBuildConfiguration section */

/* Begin XCConfigurationList section */
		A70000000000000000000001 /* Build configuration list for PBXProject "mdeye" */ = {
			isa = XCConfigurationList;
			buildConfigurations = (
				A90000000000000000000001 /* Debug */,
				A90000000000000000000002 /* Release */,
			);
			defaultConfigurationIsVisible = 0;
			defaultConfigurationName = Release;
		};
		A70000000000000000000003 /* Build configuration list for PBXNativeTarget "mdeye" */ = {
			isa = XCConfigurationList;
			buildConfigurations = (
				A90000000000000000000003 /* Debug */,
				A90000000000000000000004 /* Release */,
			);
			defaultConfigurationIsVisible = 0;
			defaultConfigurationName = Release;
		};
/* End XCConfigurationList section */
	};
	rootObject = A80000000000000000000001 /* Project object */;
}
